// !$*UTF8*$!
{
	archiveVersion = 1;
	classes = {
	};
	objectVersion = 46;
	objects = {

/* Begin PBXBuildFile section */
		980FD9621C7D158F00363F1E /* TwitterCore.framework in Frameworks */ = {isa = PBXBuildFile; fileRef = 980FD95F1C7D158F00363F1E /* TwitterCore.framework */; };
		980FD9651C7D170000363F1E /* Instabug.bundle in Resources */ = {isa = PBXBuildFile; fileRef = 980FD9631C7D170000363F1E /* Instabug.bundle */; };
		980FD9661C7D170000363F1E /* Instabug.framework in Frameworks */ = {isa = PBXBuildFile; fileRef = 980FD9641C7D170000363F1E /* Instabug.framework */; };
		980FD9681C7D173C00363F1E /* CoreMotion.framework in Frameworks */ = {isa = PBXBuildFile; fileRef = 980FD9671C7D173C00363F1E /* CoreMotion.framework */; };
		980FD96A1C7D175200363F1E /* UIKit.framework in Frameworks */ = {isa = PBXBuildFile; fileRef = 980FD9691C7D175200363F1E /* UIKit.framework */; };
		980FD96C1C7D175E00363F1E /* CoreTelephony.framework in Frameworks */ = {isa = PBXBuildFile; fileRef = 980FD96B1C7D175E00363F1E /* CoreTelephony.framework */; };
		98B4DF5A1C753C1900059323 /* LaunchImage Icon.png in Resources */ = {isa = PBXBuildFile; fileRef = 98B4DF591C753C1900059323 /* LaunchImage Icon.png */; };
		98CAFC021C811E7400D77442 /* SIFloatingCollection.framework in Frameworks */ = {isa = PBXBuildFile; fileRef = 98CAFC011C811E7400D77442 /* SIFloatingCollection.framework */; };
		98D9EAAD1C7D43C80053CF78 /* TATEmbededViewController.swift in Sources */ = {isa = PBXBuildFile; fileRef = 98D9EAAC1C7D43C80053CF78 /* TATEmbededViewController.swift */; };
		A44AF03E4E56408BDD90DB13 /* Pods_TA_News.framework in Frameworks */ = {isa = PBXBuildFile; fileRef = 8DB785955DC227B284FD5866 /* Pods_TA_News.framework */; };
		DA0948A71C0F669500DF1079 /* SafariServices.framework in Frameworks */ = {isa = PBXBuildFile; fileRef = DA0948A61C0F669500DF1079 /* SafariServices.framework */; };
		DA1CFF731C10AED900AA46DF /* Screen Shot 2014-02-25 at 18.48.14.png in Resources */ = {isa = PBXBuildFile; fileRef = DA1CFF721C10AED900AA46DF /* Screen Shot 2014-02-25 at 18.48.14.png */; };
		DA1CFF751C10B1E300AA46DF /* pongIcon3.png in Resources */ = {isa = PBXBuildFile; fileRef = DA1CFF741C10B1E300AA46DF /* pongIcon3.png */; };
		DA1E31C71C13822900499592 /* facebook.PNG in Resources */ = {isa = PBXBuildFile; fileRef = DA1E31C11C13822900499592 /* facebook.PNG */; };
		DA1E31C81C13822900499592 /* instagram.PNG in Resources */ = {isa = PBXBuildFile; fileRef = DA1E31C21C13822900499592 /* instagram.PNG */; };
		DA1E31C91C13822900499592 /* snapchat.PNG in Resources */ = {isa = PBXBuildFile; fileRef = DA1E31C31C13822900499592 /* snapchat.PNG */; };
		DA1E31CA1C13822900499592 /* tumblr.PNG in Resources */ = {isa = PBXBuildFile; fileRef = DA1E31C41C13822900499592 /* tumblr.PNG */; };
		DA1E31CB1C13822900499592 /* twitter.PNG in Resources */ = {isa = PBXBuildFile; fileRef = DA1E31C51C13822900499592 /* twitter.PNG */; };
		DA1E31CC1C13822900499592 /* youtube.PNG in Resources */ = {isa = PBXBuildFile; fileRef = DA1E31C61C13822900499592 /* youtube.PNG */; };
		DA1E31CE1C1383DF00499592 /* 01.png in Resources */ = {isa = PBXBuildFile; fileRef = DA1E31CD1C1383DF00499592 /* 01.png */; };
		DA26812A1C1374C500F18685 /* AppConnectViewController.m in Sources */ = {isa = PBXBuildFile; fileRef = DA2681291C1374C500F18685 /* AppConnectViewController.m */; };
		DA36D5861BE4FBBB0035285A /* AppDelegate.swift in Sources */ = {isa = PBXBuildFile; fileRef = DA36D5851BE4FBBB0035285A /* AppDelegate.swift */; };
		DA36D58B1BE4FBBB0035285A /* Main.storyboard in Resources */ = {isa = PBXBuildFile; fileRef = DA36D5891BE4FBBB0035285A /* Main.storyboard */; };
		DA36D58D1BE4FBBB0035285A /* Assets.xcassets in Resources */ = {isa = PBXBuildFile; fileRef = DA36D58C1BE4FBBB0035285A /* Assets.xcassets */; };
		DA36D5901BE4FBBB0035285A /* LaunchScreen.storyboard in Resources */ = {isa = PBXBuildFile; fileRef = DA36D58E1BE4FBBB0035285A /* LaunchScreen.storyboard */; };
		DA36D59B1BE4FBBB0035285A /* TeamAppleNewsTests.swift in Sources */ = {isa = PBXBuildFile; fileRef = DA36D59A1BE4FBBB0035285A /* TeamAppleNewsTests.swift */; };
		DA36D5A61BE4FBBB0035285A /* TeamAppleNewsUITests.swift in Sources */ = {isa = PBXBuildFile; fileRef = DA36D5A51BE4FBBB0035285A /* TeamAppleNewsUITests.swift */; };
		DA36D5D11BE4FC1C0035285A /* 2.0_on_trans.png in Resources */ = {isa = PBXBuildFile; fileRef = DA36D5B41BE4FC1C0035285A /* 2.0_on_trans.png */; };
		DA36D5D41BE4FC1C0035285A /* calendar black.PNG in Resources */ = {isa = PBXBuildFile; fileRef = DA36D5B71BE4FC1C0035285A /* calendar black.PNG */; };
		DA36D5DA1BE4FC1C0035285A /* EventsCalendar.png in Resources */ = {isa = PBXBuildFile; fileRef = DA36D5BD1BE4FC1C0035285A /* EventsCalendar.png */; };
		DA36D5DF1BE4FC1C0035285A /* navicon@3x.png in Resources */ = {isa = PBXBuildFile; fileRef = DA36D5C21BE4FC1C0035285A /* navicon@3x.png */; };
		DA36D5E01BE4FC1C0035285A /* news icon.PNG in Resources */ = {isa = PBXBuildFile; fileRef = DA36D5C31BE4FC1C0035285A /* news icon.PNG */; };
		DA36D5E31BE4FC1C0035285A /* SF-UI-Display-Thin.otf in Resources */ = {isa = PBXBuildFile; fileRef = DA36D5C61BE4FC1C0035285A /* SF-UI-Display-Thin.otf */; };
		DA36D5E41BE4FC1C0035285A /* SF-UI-Text-Heavy.otf in Resources */ = {isa = PBXBuildFile; fileRef = DA36D5C71BE4FC1C0035285A /* SF-UI-Text-Heavy.otf */; };
		DA36D5E51BE4FC1C0035285A /* share black.PNG in Resources */ = {isa = PBXBuildFile; fileRef = DA36D5C81BE4FC1C0035285A /* share black.PNG */; };
		DA36D61A1BE4FCB10035285A /* Icon 58x58.png in Resources */ = {isa = PBXBuildFile; fileRef = DA36D6121BE4FCB10035285A /* Icon 58x58.png */; };
		DA36D61B1BE4FCB10035285A /* Icon 60x60.png in Resources */ = {isa = PBXBuildFile; fileRef = DA36D6131BE4FCB10035285A /* Icon 60x60.png */; };
		DA36D61C1BE4FCB10035285A /* Icon 76x76.png in Resources */ = {isa = PBXBuildFile; fileRef = DA36D6141BE4FCB10035285A /* Icon 76x76.png */; };
		DA36D61D1BE4FCB10035285A /* Icon 80x80.png in Resources */ = {isa = PBXBuildFile; fileRef = DA36D6151BE4FCB10035285A /* Icon 80x80.png */; };
		DA36D61E1BE4FCB10035285A /* Icon 87x87.png in Resources */ = {isa = PBXBuildFile; fileRef = DA36D6161BE4FCB10035285A /* Icon 87x87.png */; };
		DA36D61F1BE4FCB10035285A /* Icon 120x120.png in Resources */ = {isa = PBXBuildFile; fileRef = DA36D6171BE4FCB10035285A /* Icon 120x120.png */; };
		DA36D6201BE4FCB10035285A /* Icon 152x152.png in Resources */ = {isa = PBXBuildFile; fileRef = DA36D6181BE4FCB10035285A /* Icon 152x152.png */; };
		DA36D6211BE4FCB10035285A /* Icon 180x180.png in Resources */ = {isa = PBXBuildFile; fileRef = DA36D6191BE4FCB10035285A /* Icon 180x180.png */; };
		DA36D6281BE4FE100035285A /* SWRevealViewController.m in Sources */ = {isa = PBXBuildFile; fileRef = DA36D6271BE4FE100035285A /* SWRevealViewController.m */; };
		DA3DD3491C25B4F8001728BC /* emerald.png in Resources */ = {isa = PBXBuildFile; fileRef = DA3DD3481C25B4F8001728BC /* emerald.png */; };
		DA3F8D2E1BE506D00038277E /* NavigationMenuTableViewController.m in Sources */ = {isa = PBXBuildFile; fileRef = DA3F8D2D1BE506D00038277E /* NavigationMenuTableViewController.m */; };
		DA3F8D5C1BE510E20038277E /* SnapchatViewController.m in Sources */ = {isa = PBXBuildFile; fileRef = DA3F8D4B1BE510E20038277E /* SnapchatViewController.m */; };
		DA3F8D671BE677EC0038277E /* EventKit.framework in Frameworks */ = {isa = PBXBuildFile; fileRef = DA3F8D661BE677EC0038277E /* EventKit.framework */; };
		DA3F8D6B1BE688960038277E /* BookmarksTableViewController.swift in Sources */ = {isa = PBXBuildFile; fileRef = DA3F8D6A1BE688960038277E /* BookmarksTableViewController.swift */; };
		DA3F8D921BE6CF0C0038277E /* Common.swift in Sources */ = {isa = PBXBuildFile; fileRef = DA3F8D8E1BE6CF0C0038277E /* Common.swift */; };
		DA3F8D931BE6CF0C0038277E /* DetailsViewController.swift in Sources */ = {isa = PBXBuildFile; fileRef = DA3F8D8F1BE6CF0C0038277E /* DetailsViewController.swift */; };
		DA3F8D941BE6CF0C0038277E /* ListViewController.swift in Sources */ = {isa = PBXBuildFile; fileRef = DA3F8D901BE6CF0C0038277E /* ListViewController.swift */; };
		DA3F8D951BE6CF0C0038277E /* RssRecord.swift in Sources */ = {isa = PBXBuildFile; fileRef = DA3F8D911BE6CF0C0038277E /* RssRecord.swift */; };
		DA3F8D9E1BE7EA1A0038277E /* ToysTableViewController.swift in Sources */ = {isa = PBXBuildFile; fileRef = DA3F8D9D1BE7EA1A0038277E /* ToysTableViewController.swift */; };
		DA3F8DA01BE7EA290038277E /* ToysDetailsViewController.swift in Sources */ = {isa = PBXBuildFile; fileRef = DA3F8D9F1BE7EA290038277E /* ToysDetailsViewController.swift */; };
		DA3F8DA21BE7F4890038277E /* BookmarkDetailsViewController.swift in Sources */ = {isa = PBXBuildFile; fileRef = DA3F8DA11BE7F4890038277E /* BookmarkDetailsViewController.swift */; };
		DA41D9281C389698007BE8B3 /* InSafari50x50.png.PNG in Resources */ = {isa = PBXBuildFile; fileRef = DA41D9271C389698007BE8B3 /* InSafari50x50.png.PNG */; };
		DA41D94E1C38A6D0007BE8B3 /* not.PNG in Resources */ = {isa = PBXBuildFile; fileRef = DA41D9481C38A6D0007BE8B3 /* not.PNG */; };
		DA41D94F1C38A6D0007BE8B3 /* rate.PNG in Resources */ = {isa = PBXBuildFile; fileRef = DA41D9491C38A6D0007BE8B3 /* rate.PNG */; };
		DA41D9501C38A6D0007BE8B3 /* remove.PNG in Resources */ = {isa = PBXBuildFile; fileRef = DA41D94A1C38A6D0007BE8B3 /* remove.PNG */; };
		DA41D9511C38A6D0007BE8B3 /* restore.PNG in Resources */ = {isa = PBXBuildFile; fileRef = DA41D94B1C38A6D0007BE8B3 /* restore.PNG */; };
		DA41D9531C38A6D0007BE8B3 /* team.PNG in Resources */ = {isa = PBXBuildFile; fileRef = DA41D94D1C38A6D0007BE8B3 /* team.PNG */; };
		DA41D9551C38A81F007BE8B3 /* more.PNG in Resources */ = {isa = PBXBuildFile; fileRef = DA41D9541C38A81F007BE8B3 /* more.PNG */; };
		DA41D9571C38A9FB007BE8B3 /* safari.png in Resources */ = {isa = PBXBuildFile; fileRef = DA41D9561C38A9FB007BE8B3 /* safari.png */; };
		DA41D95B1C39DC9B007BE8B3 /* faceo.png in Resources */ = {isa = PBXBuildFile; fileRef = DA41D95A1C39DC9B007BE8B3 /* faceo.png */; };
		DA4877041C1DBA8600DA5263 /* EventViewController.swift in Sources */ = {isa = PBXBuildFile; fileRef = DA4877031C1DBA8600DA5263 /* EventViewController.swift */; };
		DA5939791C28A45D00B40358 /* SettingsTableViewController.swift in Sources */ = {isa = PBXBuildFile; fileRef = DA5939781C28A45D00B40358 /* SettingsTableViewController.swift */; };
		DA59397B1C28FC8900B40358 /* AppDevelopmentTeamViewController.swift in Sources */ = {isa = PBXBuildFile; fileRef = DA59397A1C28FC8900B40358 /* AppDevelopmentTeamViewController.swift */; };
		DA5AA53D1C236CB3009D2661 /* InAppPurchase.swift in Sources */ = {isa = PBXBuildFile; fileRef = DA5AA53C1C236CB3009D2661 /* InAppPurchase.swift */; };
		DA7252771C7F6F81003556E3 /* pause.png in Resources */ = {isa = PBXBuildFile; fileRef = DA7252761C7F6F81003556E3 /* pause.png */; };
		DA7252791C7F707E003556E3 /* play.png in Resources */ = {isa = PBXBuildFile; fileRef = DA7252781C7F707E003556E3 /* play.png */; };
		DAA667391C343E0200FF2D4B /* InstagramTableViewCell.swift in Sources */ = {isa = PBXBuildFile; fileRef = DAA667381C343E0200FF2D4B /* InstagramTableViewCell.swift */; };
		DAA6673B1C343E2500FF2D4B /* InstagramViewController.swift in Sources */ = {isa = PBXBuildFile; fileRef = DAA6673A1C343E2500FF2D4B /* InstagramViewController.swift */; };
		DAB28FF41C42B5DB0030AB9A /* Fabric.framework in Frameworks */ = {isa = PBXBuildFile; fileRef = DAB28FF21C42B5DA0030AB9A /* Fabric.framework */; };
		DAB28FF51C42B5DB0030AB9A /* Crashlytics.framework in Frameworks */ = {isa = PBXBuildFile; fileRef = DAB28FF31C42B5DB0030AB9A /* Crashlytics.framework */; };
		DABD2F661C3C5B000062D901 /* bookmarks.PNG in Resources */ = {isa = PBXBuildFile; fileRef = DABD2F5D1C3C5B000062D901 /* bookmarks.PNG */; };
		DABD2F671C3C5B000062D901 /* connect.PNG in Resources */ = {isa = PBXBuildFile; fileRef = DABD2F5E1C3C5B000062D901 /* connect.PNG */; };
		DABD2F681C3C5B000062D901 /* events.PNG in Resources */ = {isa = PBXBuildFile; fileRef = DABD2F5F1C3C5B000062D901 /* events.PNG */; };
		DABD2F691C3C5B000062D901 /* galley.PNG in Resources */ = {isa = PBXBuildFile; fileRef = DABD2F601C3C5B000062D901 /* galley.PNG */; };
		DABD2F6A1C3C5B000062D901 /* settings.PNG in Resources */ = {isa = PBXBuildFile; fileRef = DABD2F611C3C5B000062D901 /* settings.PNG */; };
		DABD2F6B1C3C5B000062D901 /* tan.PNG in Resources */ = {isa = PBXBuildFile; fileRef = DABD2F621C3C5B000062D901 /* tan.PNG */; };
		DABD2F6C1C3C5B000062D901 /* tat.PNG in Resources */ = {isa = PBXBuildFile; fileRef = DABD2F631C3C5B000062D901 /* tat.PNG */; };
		DABD2F6D1C3C5B000062D901 /* toys.PNG in Resources */ = {isa = PBXBuildFile; fileRef = DABD2F641C3C5B000062D901 /* toys.PNG */; };
		DABD2F6E1C3C5B000062D901 /* web.PNG in Resources */ = {isa = PBXBuildFile; fileRef = DABD2F651C3C5B000062D901 /* web.PNG */; };
		DABD2F731C3C64C90062D901 /* PullToRefreshViewController.xib in Resources */ = {isa = PBXBuildFile; fileRef = DABD2F711C3C64C80062D901 /* PullToRefreshViewController.xib */; };
		DABD2F751C3C6A5A0062D901 /* black.png in Resources */ = {isa = PBXBuildFile; fileRef = DABD2F741C3C6A5A0062D901 /* black.png */; };
		DAC1621C1C41B8880077416D /* AVFoundation.framework in Frameworks */ = {isa = PBXBuildFile; fileRef = DAC1621A1C41B8130077416D /* AVFoundation.framework */; };
		DAC1621E1C41B8DA0077416D /* MediaPlayer.framework in Frameworks */ = {isa = PBXBuildFile; fileRef = DAC1621D1C41B8DA0077416D /* MediaPlayer.framework */; };
		DACD39B81C13CB4200900FF2 /* TATAudioTableViewController.swift in Sources */ = {isa = PBXBuildFile; fileRef = DACD39B71C13CB4100900FF2 /* TATAudioTableViewController.swift */; };
		DACD39C01C13CC1300900FF2 /* Bolts.framework in Frameworks */ = {isa = PBXBuildFile; fileRef = DACD39BA1C13CC1300900FF2 /* Bolts.framework */; };
		DACD39C11C13CC1300900FF2 /* ParseFacebookUtilsV4.framework in Frameworks */ = {isa = PBXBuildFile; fileRef = DACD39BB1C13CC1300900FF2 /* ParseFacebookUtilsV4.framework */; };
		DACD39C21C13CC1300900FF2 /* ParseTwitterUtils.framework in Frameworks */ = {isa = PBXBuildFile; fileRef = DACD39BC1C13CC1300900FF2 /* ParseTwitterUtils.framework */; };
		DACD39C31C13CC1300900FF2 /* ParseUI.framework in Frameworks */ = {isa = PBXBuildFile; fileRef = DACD39BD1C13CC1300900FF2 /* ParseUI.framework */; };
		DACD39C41C13CC1300900FF2 /* ParseFacebookUtils.framework in Frameworks */ = {isa = PBXBuildFile; fileRef = DACD39BE1C13CC1300900FF2 /* ParseFacebookUtils.framework */; };
		DACD39C51C13CC1300900FF2 /* Parse.framework in Frameworks */ = {isa = PBXBuildFile; fileRef = DACD39BF1C13CC1300900FF2 /* Parse.framework */; };
		DACD39C71C13CC6E00900FF2 /* AudioToolbox.framework in Frameworks */ = {isa = PBXBuildFile; fileRef = DACD39C61C13CC6E00900FF2 /* AudioToolbox.framework */; };
		DACD39C91C13CC8800900FF2 /* CFNetwork.framework in Frameworks */ = {isa = PBXBuildFile; fileRef = DACD39C81C13CC8800900FF2 /* CFNetwork.framework */; };
		DACD39CB1C13CC8F00900FF2 /* CoreGraphics.framework in Frameworks */ = {isa = PBXBuildFile; fileRef = DACD39CA1C13CC8F00900FF2 /* CoreGraphics.framework */; };
		DACD39CD1C13CC9600900FF2 /* CoreLocation.framework in Frameworks */ = {isa = PBXBuildFile; fileRef = DACD39CC1C13CC9600900FF2 /* CoreLocation.framework */; };
		DACD39CF1C13CC9D00900FF2 /* QuartzCore.framework in Frameworks */ = {isa = PBXBuildFile; fileRef = DACD39CE1C13CC9D00900FF2 /* QuartzCore.framework */; };
		DACD39D11C13CCA300900FF2 /* Security.framework in Frameworks */ = {isa = PBXBuildFile; fileRef = DACD39D01C13CCA300900FF2 /* Security.framework */; };
		DACD39D31C13CCA900900FF2 /* StoreKit.framework in Frameworks */ = {isa = PBXBuildFile; fileRef = DACD39D21C13CCA900900FF2 /* StoreKit.framework */; };
		DACD39D51C13CCB400900FF2 /* SystemConfiguration.framework in Frameworks */ = {isa = PBXBuildFile; fileRef = DACD39D41C13CCB400900FF2 /* SystemConfiguration.framework */; };
		DACD39D71C13CCC100900FF2 /* libz.tbd in Frameworks */ = {isa = PBXBuildFile; fileRef = DACD39D61C13CCC100900FF2 /* libz.tbd */; };
		DACD39D91C13CCDB00900FF2 /* libsqlite3.tbd in Frameworks */ = {isa = PBXBuildFile; fileRef = DACD39D81C13CCDB00900FF2 /* libsqlite3.tbd */; };
		DAFF566C1C20BA9F00838822 /* reddit.PNG in Resources */ = {isa = PBXBuildFile; fileRef = DAFF566B1C20BA9F00838822 /* reddit.PNG */; };
/* End PBXBuildFile section */

/* Begin PBXContainerItemProxy section */
		DA36D5971BE4FBBB0035285A /* PBXContainerItemProxy */ = {
			isa = PBXContainerItemProxy;
			containerPortal = DA36D57A1BE4FBBB0035285A /* Project object */;
			proxyType = 1;
			remoteGlobalIDString = DA36D5811BE4FBBB0035285A;
			remoteInfo = TeamAppleNews;
		};
		DA36D5A21BE4FBBB0035285A /* PBXContainerItemProxy */ = {
			isa = PBXContainerItemProxy;
			containerPortal = DA36D57A1BE4FBBB0035285A /* Project object */;
			proxyType = 1;
			remoteGlobalIDString = DA36D5811BE4FBBB0035285A;
			remoteInfo = TeamAppleNews;
		};
/* End PBXContainerItemProxy section */

/* Begin PBXFileReference section */
		8DB785955DC227B284FD5866 /* Pods_TA_News.framework */ = {isa = PBXFileReference; explicitFileType = wrapper.framework; includeInIndex = 0; path = Pods_TA_News.framework; sourceTree = BUILT_PRODUCTS_DIR; };
		980FD95F1C7D158F00363F1E /* TwitterCore.framework */ = {isa = PBXFileReference; lastKnownFileType = wrapper.framework; path = TwitterCore.framework; sourceTree = "<group>"; };
		980FD9631C7D170000363F1E /* Instabug.bundle */ = {isa = PBXFileReference; lastKnownFileType = "wrapper.plug-in"; path = Instabug.bundle; sourceTree = "<group>"; };
		980FD9641C7D170000363F1E /* Instabug.framework */ = {isa = PBXFileReference; lastKnownFileType = wrapper.framework; path = Instabug.framework; sourceTree = "<group>"; };
		980FD9671C7D173C00363F1E /* CoreMotion.framework */ = {isa = PBXFileReference; lastKnownFileType = wrapper.framework; name = CoreMotion.framework; path = System/Library/Frameworks/CoreMotion.framework; sourceTree = SDKROOT; };
		980FD9691C7D175200363F1E /* UIKit.framework */ = {isa = PBXFileReference; lastKnownFileType = wrapper.framework; name = UIKit.framework; path = System/Library/Frameworks/UIKit.framework; sourceTree = SDKROOT; };
		980FD96B1C7D175E00363F1E /* CoreTelephony.framework */ = {isa = PBXFileReference; lastKnownFileType = wrapper.framework; name = CoreTelephony.framework; path = System/Library/Frameworks/CoreTelephony.framework; sourceTree = SDKROOT; };
		98B4DF591C753C1900059323 /* LaunchImage Icon.png */ = {isa = PBXFileReference; lastKnownFileType = image.png; path = "LaunchImage Icon.png"; sourceTree = "<group>"; };
		98CAFC011C811E7400D77442 /* SIFloatingCollection.framework */ = {isa = PBXFileReference; lastKnownFileType = wrapper.framework; name = SIFloatingCollection.framework; path = "Pods/../build/Debug-iphoneos/SIFloatingCollection.framework"; sourceTree = "<group>"; };
		98D9EAAC1C7D43C80053CF78 /* TATEmbededViewController.swift */ = {isa = PBXFileReference; fileEncoding = 4; lastKnownFileType = sourcecode.swift; path = TATEmbededViewController.swift; sourceTree = "<group>"; };
		DA0948A61C0F669500DF1079 /* SafariServices.framework */ = {isa = PBXFileReference; lastKnownFileType = wrapper.framework; name = SafariServices.framework; path = System/Library/Frameworks/SafariServices.framework; sourceTree = SDKROOT; };
		DA1CFF721C10AED900AA46DF /* Screen Shot 2014-02-25 at 18.48.14.png */ = {isa = PBXFileReference; lastKnownFileType = image.png; path = "Screen Shot 2014-02-25 at 18.48.14.png"; sourceTree = "<group>"; };
		DA1CFF741C10B1E300AA46DF /* pongIcon3.png */ = {isa = PBXFileReference; lastKnownFileType = image.png; path = pongIcon3.png; sourceTree = "<group>"; };
		DA1E31C11C13822900499592 /* facebook.PNG */ = {isa = PBXFileReference; lastKnownFileType = image.png; path = facebook.PNG; sourceTree = "<group>"; };
		DA1E31C21C13822900499592 /* instagram.PNG */ = {isa = PBXFileReference; lastKnownFileType = image.png; path = instagram.PNG; sourceTree = "<group>"; };
		DA1E31C31C13822900499592 /* snapchat.PNG */ = {isa = PBXFileReference; lastKnownFileType = image.png; path = snapchat.PNG; sourceTree = "<group>"; };
		DA1E31C41C13822900499592 /* tumblr.PNG */ = {isa = PBXFileReference; lastKnownFileType = image.png; path = tumblr.PNG; sourceTree = "<group>"; };
		DA1E31C51C13822900499592 /* twitter.PNG */ = {isa = PBXFileReference; lastKnownFileType = image.png; path = twitter.PNG; sourceTree = "<group>"; };
		DA1E31C61C13822900499592 /* youtube.PNG */ = {isa = PBXFileReference; lastKnownFileType = image.png; path = youtube.PNG; sourceTree = "<group>"; };
		DA1E31CD1C1383DF00499592 /* 01.png */ = {isa = PBXFileReference; lastKnownFileType = image.png; path = 01.png; sourceTree = "<group>"; };
		DA2681281C1374C500F18685 /* AppConnectViewController.h */ = {isa = PBXFileReference; fileEncoding = 4; lastKnownFileType = sourcecode.c.h; path = AppConnectViewController.h; sourceTree = "<group>"; };
		DA2681291C1374C500F18685 /* AppConnectViewController.m */ = {isa = PBXFileReference; fileEncoding = 4; lastKnownFileType = sourcecode.c.objc; path = AppConnectViewController.m; sourceTree = "<group>"; };
		DA36D5821BE4FBBB0035285A /* TA News.app */ = {isa = PBXFileReference; explicitFileType = wrapper.application; includeInIndex = 0; path = "TA News.app"; sourceTree = BUILT_PRODUCTS_DIR; };
		DA36D5851BE4FBBB0035285A /* AppDelegate.swift */ = {isa = PBXFileReference; lastKnownFileType = sourcecode.swift; path = AppDelegate.swift; sourceTree = "<group>"; };
		DA36D58A1BE4FBBB0035285A /* Base */ = {isa = PBXFileReference; lastKnownFileType = file.storyboard; name = Base; path = Base.lproj/Main.storyboard; sourceTree = "<group>"; };
		DA36D58C1BE4FBBB0035285A /* Assets.xcassets */ = {isa = PBXFileReference; lastKnownFileType = folder.assetcatalog; path = Assets.xcassets; sourceTree = "<group>"; };
		DA36D58F1BE4FBBB0035285A /* Base */ = {isa = PBXFileReference; lastKnownFileType = file.storyboard; name = Base; path = Base.lproj/LaunchScreen.storyboard; sourceTree = "<group>"; };
		DA36D5911BE4FBBB0035285A /* Info.plist */ = {isa = PBXFileReference; lastKnownFileType = text.plist.xml; path = Info.plist; sourceTree = "<group>"; };
		DA36D5961BE4FBBB0035285A /* TA News.app */ = {isa = PBXFileReference; explicitFileType = wrapper.cfbundle; includeInIndex = 0; path = "TA News.app"; sourceTree = BUILT_PRODUCTS_DIR; };
		DA36D59A1BE4FBBB0035285A /* TeamAppleNewsTests.swift */ = {isa = PBXFileReference; lastKnownFileType = sourcecode.swift; path = TeamAppleNewsTests.swift; sourceTree = "<group>"; };
		DA36D59C1BE4FBBB0035285A /* Info.plist */ = {isa = PBXFileReference; lastKnownFileType = text.plist.xml; path = Info.plist; sourceTree = "<group>"; };
		DA36D5A11BE4FBBB0035285A /* TA News.app */ = {isa = PBXFileReference; explicitFileType = wrapper.cfbundle; includeInIndex = 0; path = "TA News.app"; sourceTree = BUILT_PRODUCTS_DIR; };
		DA36D5A51BE4FBBB0035285A /* TeamAppleNewsUITests.swift */ = {isa = PBXFileReference; lastKnownFileType = sourcecode.swift; path = TeamAppleNewsUITests.swift; sourceTree = "<group>"; };
		DA36D5A71BE4FBBB0035285A /* Info.plist */ = {isa = PBXFileReference; lastKnownFileType = text.plist.xml; path = Info.plist; sourceTree = "<group>"; };
		DA36D5B41BE4FC1C0035285A /* 2.0_on_trans.png */ = {isa = PBXFileReference; lastKnownFileType = image.png; path = 2.0_on_trans.png; sourceTree = "<group>"; };
		DA36D5B71BE4FC1C0035285A /* calendar black.PNG */ = {isa = PBXFileReference; lastKnownFileType = image.png; path = "calendar black.PNG"; sourceTree = "<group>"; };
		DA36D5BD1BE4FC1C0035285A /* EventsCalendar.png */ = {isa = PBXFileReference; lastKnownFileType = image.png; path = EventsCalendar.png; sourceTree = "<group>"; };
		DA36D5C21BE4FC1C0035285A /* navicon@3x.png */ = {isa = PBXFileReference; lastKnownFileType = image.png; path = "navicon@3x.png"; sourceTree = "<group>"; };
		DA36D5C31BE4FC1C0035285A /* news icon.PNG */ = {isa = PBXFileReference; lastKnownFileType = image.png; path = "news icon.PNG"; sourceTree = "<group>"; };
		DA36D5C61BE4FC1C0035285A /* SF-UI-Display-Thin.otf */ = {isa = PBXFileReference; lastKnownFileType = file; path = "SF-UI-Display-Thin.otf"; sourceTree = "<group>"; };
		DA36D5C71BE4FC1C0035285A /* SF-UI-Text-Heavy.otf */ = {isa = PBXFileReference; lastKnownFileType = file; path = "SF-UI-Text-Heavy.otf"; sourceTree = "<group>"; };
		DA36D5C81BE4FC1C0035285A /* share black.PNG */ = {isa = PBXFileReference; lastKnownFileType = image.png; path = "share black.PNG"; sourceTree = "<group>"; };
		DA36D6121BE4FCB10035285A /* Icon 58x58.png */ = {isa = PBXFileReference; lastKnownFileType = image.png; path = "Icon 58x58.png"; sourceTree = "<group>"; };
		DA36D6131BE4FCB10035285A /* Icon 60x60.png */ = {isa = PBXFileReference; lastKnownFileType = image.png; path = "Icon 60x60.png"; sourceTree = "<group>"; };
		DA36D6141BE4FCB10035285A /* Icon 76x76.png */ = {isa = PBXFileReference; lastKnownFileType = image.png; path = "Icon 76x76.png"; sourceTree = "<group>"; };
		DA36D6151BE4FCB10035285A /* Icon 80x80.png */ = {isa = PBXFileReference; lastKnownFileType = image.png; path = "Icon 80x80.png"; sourceTree = "<group>"; };
		DA36D6161BE4FCB10035285A /* Icon 87x87.png */ = {isa = PBXFileReference; lastKnownFileType = image.png; path = "Icon 87x87.png"; sourceTree = "<group>"; };
		DA36D6171BE4FCB10035285A /* Icon 120x120.png */ = {isa = PBXFileReference; lastKnownFileType = image.png; path = "Icon 120x120.png"; sourceTree = "<group>"; };
		DA36D6181BE4FCB10035285A /* Icon 152x152.png */ = {isa = PBXFileReference; lastKnownFileType = image.png; path = "Icon 152x152.png"; sourceTree = "<group>"; };
		DA36D6191BE4FCB10035285A /* Icon 180x180.png */ = {isa = PBXFileReference; lastKnownFileType = image.png; path = "Icon 180x180.png"; sourceTree = "<group>"; };
		DA36D6221BE4FCD40035285A /* TeamAppleNews-Bridging-Header.h */ = {isa = PBXFileReference; lastKnownFileType = sourcecode.c.h; path = "TeamAppleNews-Bridging-Header.h"; sourceTree = SOURCE_ROOT; };
		DA36D6261BE4FE100035285A /* SWRevealViewController.h */ = {isa = PBXFileReference; fileEncoding = 4; lastKnownFileType = sourcecode.c.h; path = SWRevealViewController.h; sourceTree = "<group>"; };
		DA36D6271BE4FE100035285A /* SWRevealViewController.m */ = {isa = PBXFileReference; fileEncoding = 4; lastKnownFileType = sourcecode.c.objc; path = SWRevealViewController.m; sourceTree = "<group>"; };
		DA3DD3481C25B4F8001728BC /* emerald.png */ = {isa = PBXFileReference; lastKnownFileType = image.png; path = emerald.png; sourceTree = "<group>"; };
		DA3F8D2C1BE506D00038277E /* NavigationMenuTableViewController.h */ = {isa = PBXFileReference; fileEncoding = 4; lastKnownFileType = sourcecode.c.h; path = NavigationMenuTableViewController.h; sourceTree = "<group>"; };
		DA3F8D2D1BE506D00038277E /* NavigationMenuTableViewController.m */ = {isa = PBXFileReference; fileEncoding = 4; lastKnownFileType = sourcecode.c.objc; path = NavigationMenuTableViewController.m; sourceTree = "<group>"; };
		DA3F8D4A1BE510E20038277E /* SnapchatViewController.h */ = {isa = PBXFileReference; fileEncoding = 4; lastKnownFileType = sourcecode.c.h; path = SnapchatViewController.h; sourceTree = "<group>"; };
		DA3F8D4B1BE510E20038277E /* SnapchatViewController.m */ = {isa = PBXFileReference; fileEncoding = 4; lastKnownFileType = sourcecode.c.objc; path = SnapchatViewController.m; sourceTree = "<group>"; };
		DA3F8D641BE638F40038277E /* iAd.framework */ = {isa = PBXFileReference; lastKnownFileType = wrapper.framework; name = iAd.framework; path = System/Library/Frameworks/iAd.framework; sourceTree = SDKROOT; };
		DA3F8D661BE677EC0038277E /* EventKit.framework */ = {isa = PBXFileReference; lastKnownFileType = wrapper.framework; name = EventKit.framework; path = System/Library/Frameworks/EventKit.framework; sourceTree = SDKROOT; };
		DA3F8D6A1BE688960038277E /* BookmarksTableViewController.swift */ = {isa = PBXFileReference; fileEncoding = 4; lastKnownFileType = sourcecode.swift; path = BookmarksTableViewController.swift; sourceTree = "<group>"; };
		DA3F8D8E1BE6CF0C0038277E /* Common.swift */ = {isa = PBXFileReference; fileEncoding = 4; lastKnownFileType = sourcecode.swift; path = Common.swift; sourceTree = "<group>"; };
		DA3F8D8F1BE6CF0C0038277E /* DetailsViewController.swift */ = {isa = PBXFileReference; fileEncoding = 4; lastKnownFileType = sourcecode.swift; path = DetailsViewController.swift; sourceTree = "<group>"; };
		DA3F8D901BE6CF0C0038277E /* ListViewController.swift */ = {isa = PBXFileReference; fileEncoding = 4; lastKnownFileType = sourcecode.swift; path = ListViewController.swift; sourceTree = "<group>"; };
		DA3F8D911BE6CF0C0038277E /* RssRecord.swift */ = {isa = PBXFileReference; fileEncoding = 4; lastKnownFileType = sourcecode.swift; path = RssRecord.swift; sourceTree = "<group>"; };
		DA3F8D9D1BE7EA1A0038277E /* ToysTableViewController.swift */ = {isa = PBXFileReference; fileEncoding = 4; lastKnownFileType = sourcecode.swift; path = ToysTableViewController.swift; sourceTree = "<group>"; };
		DA3F8D9F1BE7EA290038277E /* ToysDetailsViewController.swift */ = {isa = PBXFileReference; fileEncoding = 4; lastKnownFileType = sourcecode.swift; path = ToysDetailsViewController.swift; sourceTree = "<group>"; };
		DA3F8DA11BE7F4890038277E /* BookmarkDetailsViewController.swift */ = {isa = PBXFileReference; fileEncoding = 4; lastKnownFileType = sourcecode.swift; path = BookmarkDetailsViewController.swift; sourceTree = "<group>"; };
		DA41D9271C389698007BE8B3 /* InSafari50x50.png.PNG */ = {isa = PBXFileReference; lastKnownFileType = image.png; path = InSafari50x50.png.PNG; sourceTree = "<group>"; };
		DA41D9481C38A6D0007BE8B3 /* not.PNG */ = {isa = PBXFileReference; lastKnownFileType = image.png; path = not.PNG; sourceTree = "<group>"; };
		DA41D9491C38A6D0007BE8B3 /* rate.PNG */ = {isa = PBXFileReference; lastKnownFileType = image.png; path = rate.PNG; sourceTree = "<group>"; };
		DA41D94A1C38A6D0007BE8B3 /* remove.PNG */ = {isa = PBXFileReference; lastKnownFileType = image.png; path = remove.PNG; sourceTree = "<group>"; };
		DA41D94B1C38A6D0007BE8B3 /* restore.PNG */ = {isa = PBXFileReference; lastKnownFileType = image.png; path = restore.PNG; sourceTree = "<group>"; };
		DA41D94D1C38A6D0007BE8B3 /* team.PNG */ = {isa = PBXFileReference; lastKnownFileType = image.png; path = team.PNG; sourceTree = "<group>"; };
		DA41D9541C38A81F007BE8B3 /* more.PNG */ = {isa = PBXFileReference; lastKnownFileType = image.png; path = more.PNG; sourceTree = "<group>"; };
		DA41D9561C38A9FB007BE8B3 /* safari.png */ = {isa = PBXFileReference; lastKnownFileType = image.png; path = safari.png; sourceTree = "<group>"; };
		DA41D95A1C39DC9B007BE8B3 /* faceo.png */ = {isa = PBXFileReference; lastKnownFileType = image.png; path = faceo.png; sourceTree = "<group>"; };
		DA4877031C1DBA8600DA5263 /* EventViewController.swift */ = {isa = PBXFileReference; fileEncoding = 4; lastKnownFileType = sourcecode.swift; path = EventViewController.swift; sourceTree = "<group>"; };
		DA5939781C28A45D00B40358 /* SettingsTableViewController.swift */ = {isa = PBXFileReference; fileEncoding = 4; lastKnownFileType = sourcecode.swift; path = SettingsTableViewController.swift; sourceTree = "<group>"; };
		DA59397A1C28FC8900B40358 /* AppDevelopmentTeamViewController.swift */ = {isa = PBXFileReference; fileEncoding = 4; lastKnownFileType = sourcecode.swift; path = AppDevelopmentTeamViewController.swift; sourceTree = "<group>"; };
		DA5AA53C1C236CB3009D2661 /* InAppPurchase.swift */ = {isa = PBXFileReference; fileEncoding = 4; lastKnownFileType = sourcecode.swift; path = InAppPurchase.swift; sourceTree = "<group>"; };
		DA7252761C7F6F81003556E3 /* pause.png */ = {isa = PBXFileReference; lastKnownFileType = image.png; path = pause.png; sourceTree = "<group>"; };
		DA7252781C7F707E003556E3 /* play.png */ = {isa = PBXFileReference; lastKnownFileType = image.png; path = play.png; sourceTree = "<group>"; };
		DAA667381C343E0200FF2D4B /* InstagramTableViewCell.swift */ = {isa = PBXFileReference; fileEncoding = 4; lastKnownFileType = sourcecode.swift; path = InstagramTableViewCell.swift; sourceTree = "<group>"; };
		DAA6673A1C343E2500FF2D4B /* InstagramViewController.swift */ = {isa = PBXFileReference; fileEncoding = 4; lastKnownFileType = sourcecode.swift; path = InstagramViewController.swift; sourceTree = "<group>"; };
		DAB28FF21C42B5DA0030AB9A /* Fabric.framework */ = {isa = PBXFileReference; lastKnownFileType = wrapper.framework; name = Fabric.framework; path = ../Fabric.framework; sourceTree = "<group>"; };
		DAB28FF31C42B5DB0030AB9A /* Crashlytics.framework */ = {isa = PBXFileReference; lastKnownFileType = wrapper.framework; name = Crashlytics.framework; path = ../Crashlytics.framework; sourceTree = "<group>"; };
		DABD2F5D1C3C5B000062D901 /* bookmarks.PNG */ = {isa = PBXFileReference; lastKnownFileType = image.png; path = bookmarks.PNG; sourceTree = "<group>"; };
		DABD2F5E1C3C5B000062D901 /* connect.PNG */ = {isa = PBXFileReference; lastKnownFileType = image.png; path = connect.PNG; sourceTree = "<group>"; };
		DABD2F5F1C3C5B000062D901 /* events.PNG */ = {isa = PBXFileReference; lastKnownFileType = image.png; path = events.PNG; sourceTree = "<group>"; };
		DABD2F601C3C5B000062D901 /* galley.PNG */ = {isa = PBXFileReference; lastKnownFileType = image.png; path = galley.PNG; sourceTree = "<group>"; };
		DABD2F611C3C5B000062D901 /* settings.PNG */ = {isa = PBXFileReference; lastKnownFileType = image.png; path = settings.PNG; sourceTree = "<group>"; };
		DABD2F621C3C5B000062D901 /* tan.PNG */ = {isa = PBXFileReference; lastKnownFileType = image.png; path = tan.PNG; sourceTree = "<group>"; };
		DABD2F631C3C5B000062D901 /* tat.PNG */ = {isa = PBXFileReference; lastKnownFileType = image.png; path = tat.PNG; sourceTree = "<group>"; };
		DABD2F641C3C5B000062D901 /* toys.PNG */ = {isa = PBXFileReference; lastKnownFileType = image.png; path = toys.PNG; sourceTree = "<group>"; };
		DABD2F651C3C5B000062D901 /* web.PNG */ = {isa = PBXFileReference; lastKnownFileType = image.png; path = web.PNG; sourceTree = "<group>"; };
		DABD2F711C3C64C80062D901 /* PullToRefreshViewController.xib */ = {isa = PBXFileReference; fileEncoding = 4; lastKnownFileType = file.xib; path = PullToRefreshViewController.xib; sourceTree = "<group>"; };
		DABD2F741C3C6A5A0062D901 /* black.png */ = {isa = PBXFileReference; lastKnownFileType = image.png; path = black.png; sourceTree = "<group>"; };
		DAC1621A1C41B8130077416D /* AVFoundation.framework */ = {isa = PBXFileReference; lastKnownFileType = wrapper.framework; name = AVFoundation.framework; path = System/Library/Frameworks/AVFoundation.framework; sourceTree = SDKROOT; };
		DAC1621D1C41B8DA0077416D /* MediaPlayer.framework */ = {isa = PBXFileReference; lastKnownFileType = wrapper.framework; name = MediaPlayer.framework; path = System/Library/Frameworks/MediaPlayer.framework; sourceTree = SDKROOT; };
		DACD39B71C13CB4100900FF2 /* TATAudioTableViewController.swift */ = {isa = PBXFileReference; fileEncoding = 4; lastKnownFileType = sourcecode.swift; path = TATAudioTableViewController.swift; sourceTree = "<group>"; };
		DACD39BA1C13CC1300900FF2 /* Bolts.framework */ = {isa = PBXFileReference; lastKnownFileType = wrapper.framework; path = Bolts.framework; sourceTree = "<group>"; };
		DACD39BB1C13CC1300900FF2 /* ParseFacebookUtilsV4.framework */ = {isa = PBXFileReference; lastKnownFileType = wrapper.framework; path = ParseFacebookUtilsV4.framework; sourceTree = "<group>"; };
		DACD39BC1C13CC1300900FF2 /* ParseTwitterUtils.framework */ = {isa = PBXFileReference; lastKnownFileType = wrapper.framework; path = ParseTwitterUtils.framework; sourceTree = "<group>"; };
		DACD39BD1C13CC1300900FF2 /* ParseUI.framework */ = {isa = PBXFileReference; lastKnownFileType = wrapper.framework; path = ParseUI.framework; sourceTree = "<group>"; };
		DACD39BE1C13CC1300900FF2 /* ParseFacebookUtils.framework */ = {isa = PBXFileReference; lastKnownFileType = wrapper.framework; path = ParseFacebookUtils.framework; sourceTree = "<group>"; };
		DACD39BF1C13CC1300900FF2 /* Parse.framework */ = {isa = PBXFileReference; lastKnownFileType = wrapper.framework; path = Parse.framework; sourceTree = "<group>"; };
		DACD39C61C13CC6E00900FF2 /* AudioToolbox.framework */ = {isa = PBXFileReference; lastKnownFileType = wrapper.framework; name = AudioToolbox.framework; path = System/Library/Frameworks/AudioToolbox.framework; sourceTree = SDKROOT; };
		DACD39C81C13CC8800900FF2 /* CFNetwork.framework */ = {isa = PBXFileReference; lastKnownFileType = wrapper.framework; name = CFNetwork.framework; path = System/Library/Frameworks/CFNetwork.framework; sourceTree = SDKROOT; };
		DACD39CA1C13CC8F00900FF2 /* CoreGraphics.framework */ = {isa = PBXFileReference; lastKnownFileType = wrapper.framework; name = CoreGraphics.framework; path = System/Library/Frameworks/CoreGraphics.framework; sourceTree = SDKROOT; };
		DACD39CC1C13CC9600900FF2 /* CoreLocation.framework */ = {isa = PBXFileReference; lastKnownFileType = wrapper.framework; name = CoreLocation.framework; path = System/Library/Frameworks/CoreLocation.framework; sourceTree = SDKROOT; };
		DACD39CE1C13CC9D00900FF2 /* QuartzCore.framework */ = {isa = PBXFileReference; lastKnownFileType = wrapper.framework; name = QuartzCore.framework; path = System/Library/Frameworks/QuartzCore.framework; sourceTree = SDKROOT; };
		DACD39D01C13CCA300900FF2 /* Security.framework */ = {isa = PBXFileReference; lastKnownFileType = wrapper.framework; name = Security.framework; path = System/Library/Frameworks/Security.framework; sourceTree = SDKROOT; };
		DACD39D21C13CCA900900FF2 /* StoreKit.framework */ = {isa = PBXFileReference; lastKnownFileType = wrapper.framework; name = StoreKit.framework; path = System/Library/Frameworks/StoreKit.framework; sourceTree = SDKROOT; };
		DACD39D41C13CCB400900FF2 /* SystemConfiguration.framework */ = {isa = PBXFileReference; lastKnownFileType = wrapper.framework; name = SystemConfiguration.framework; path = System/Library/Frameworks/SystemConfiguration.framework; sourceTree = SDKROOT; };
		DACD39D61C13CCC100900FF2 /* libz.tbd */ = {isa = PBXFileReference; lastKnownFileType = "sourcecode.text-based-dylib-definition"; name = libz.tbd; path = usr/lib/libz.tbd; sourceTree = SDKROOT; };
		DACD39D81C13CCDB00900FF2 /* libsqlite3.tbd */ = {isa = PBXFileReference; lastKnownFileType = "sourcecode.text-based-dylib-definition"; name = libsqlite3.tbd; path = usr/lib/libsqlite3.tbd; sourceTree = SDKROOT; };
		DAFF566B1C20BA9F00838822 /* reddit.PNG */ = {isa = PBXFileReference; lastKnownFileType = image.png; path = reddit.PNG; sourceTree = "<group>"; };
		DE865AB5E3E9C62D74032DA3 /* Pods-TA News.debug.xcconfig */ = {isa = PBXFileReference; includeInIndex = 1; lastKnownFileType = text.xcconfig; name = "Pods-TA News.debug.xcconfig"; path = "Pods/Target Support Files/Pods-TA News/Pods-TA News.debug.xcconfig"; sourceTree = "<group>"; };
		DF2884E188F3C18FA41AE918 /* Pods-TA News.release.xcconfig */ = {isa = PBXFileReference; includeInIndex = 1; lastKnownFileType = text.xcconfig; name = "Pods-TA News.release.xcconfig"; path = "Pods/Target Support Files/Pods-TA News/Pods-TA News.release.xcconfig"; sourceTree = "<group>"; };
/* End PBXFileReference section */

/* Begin PBXFrameworksBuildPhase section */
		DA36D57F1BE4FBBB0035285A /* Frameworks */ = {
			isa = PBXFrameworksBuildPhase;
			buildActionMask = 2147483647;
			files = (
				98CAFC021C811E7400D77442 /* SIFloatingCollection.framework in Frameworks */,
				980FD96C1C7D175E00363F1E /* CoreTelephony.framework in Frameworks */,
				980FD96A1C7D175200363F1E /* UIKit.framework in Frameworks */,
				980FD9681C7D173C00363F1E /* CoreMotion.framework in Frameworks */,
				DAC1621E1C41B8DA0077416D /* MediaPlayer.framework in Frameworks */,
				DAC1621C1C41B8880077416D /* AVFoundation.framework in Frameworks */,
				DACD39D31C13CCA900900FF2 /* StoreKit.framework in Frameworks */,
				DA3F8D671BE677EC0038277E /* EventKit.framework in Frameworks */,
				980FD9621C7D158F00363F1E /* TwitterCore.framework in Frameworks */,
				DAB28FF51C42B5DB0030AB9A /* Crashlytics.framework in Frameworks */,
				DACD39D91C13CCDB00900FF2 /* libsqlite3.tbd in Frameworks */,
				DACD39D71C13CCC100900FF2 /* libz.tbd in Frameworks */,
				DACD39D51C13CCB400900FF2 /* SystemConfiguration.framework in Frameworks */,
				DACD39D11C13CCA300900FF2 /* Security.framework in Frameworks */,
				DACD39CF1C13CC9D00900FF2 /* QuartzCore.framework in Frameworks */,
				DACD39CD1C13CC9600900FF2 /* CoreLocation.framework in Frameworks */,
				DACD39CB1C13CC8F00900FF2 /* CoreGraphics.framework in Frameworks */,
				DACD39C91C13CC8800900FF2 /* CFNetwork.framework in Frameworks */,
				DACD39C71C13CC6E00900FF2 /* AudioToolbox.framework in Frameworks */,
				DA0948A71C0F669500DF1079 /* SafariServices.framework in Frameworks */,
				DACD39C51C13CC1300900FF2 /* Parse.framework in Frameworks */,
				DACD39C31C13CC1300900FF2 /* ParseUI.framework in Frameworks */,
				DACD39C01C13CC1300900FF2 /* Bolts.framework in Frameworks */,
				DACD39C21C13CC1300900FF2 /* ParseTwitterUtils.framework in Frameworks */,
				DACD39C41C13CC1300900FF2 /* ParseFacebookUtils.framework in Frameworks */,
				DACD39C11C13CC1300900FF2 /* ParseFacebookUtilsV4.framework in Frameworks */,
				DAB28FF41C42B5DB0030AB9A /* Fabric.framework in Frameworks */,
				980FD9661C7D170000363F1E /* Instabug.framework in Frameworks */,
				A44AF03E4E56408BDD90DB13 /* Pods_TA_News.framework in Frameworks */,
			);
			runOnlyForDeploymentPostprocessing = 0;
		};
		DA36D5931BE4FBBB0035285A /* Frameworks */ = {
			isa = PBXFrameworksBuildPhase;
			buildActionMask = 2147483647;
			files = (
			);
			runOnlyForDeploymentPostprocessing = 0;
		};
		DA36D59E1BE4FBBB0035285A /* Frameworks */ = {
			isa = PBXFrameworksBuildPhase;
			buildActionMask = 2147483647;
			files = (
			);
			runOnlyForDeploymentPostprocessing = 0;
		};
/* End PBXFrameworksBuildPhase section */

/* Begin PBXGroup section */
		A10C548D79363F399E7AD268 /* Pods */ = {
			isa = PBXGroup;
			children = (
				DE865AB5E3E9C62D74032DA3 /* Pods-TA News.debug.xcconfig */,
				DF2884E188F3C18FA41AE918 /* Pods-TA News.release.xcconfig */,
			);
			name = Pods;
			sourceTree = "<group>";
		};
		D917719222A2B592A1A2F28C /* Frameworks */ = {
			isa = PBXGroup;
			children = (
				98CAFC011C811E7400D77442 /* SIFloatingCollection.framework */,
				8DB785955DC227B284FD5866 /* Pods_TA_News.framework */,
			);
			name = Frameworks;
			sourceTree = "<group>";
		};
		DA1CFF6F1C10AE5C00AA46DF /* MoreApps Images */ = {
			isa = PBXGroup;
			children = (
				DA1CFF721C10AED900AA46DF /* Screen Shot 2014-02-25 at 18.48.14.png */,
				DA1CFF741C10B1E300AA46DF /* pongIcon3.png */,
			);
			name = "MoreApps Images";
			sourceTree = "<group>";
		};
		DA36D5791BE4FBBB0035285A = {
			isa = PBXGroup;
			children = (
				DA36D5841BE4FBBB0035285A /* TeamAppleNews */,
				DA36D5991BE4FBBB0035285A /* TeamAppleNewsTests */,
				DA36D5A41BE4FBBB0035285A /* TeamAppleNewsUITests */,
				DA36D5831BE4FBBB0035285A /* Products */,
				A10C548D79363F399E7AD268 /* Pods */,
				D917719222A2B592A1A2F28C /* Frameworks */,
			);
			sourceTree = "<group>";
		};
		DA36D5831BE4FBBB0035285A /* Products */ = {
			isa = PBXGroup;
			children = (
				DA36D5821BE4FBBB0035285A /* TA News.app */,
				DA36D5961BE4FBBB0035285A /* TA News.app */,
				DA36D5A11BE4FBBB0035285A /* TA News.app */,
			);
			name = Products;
			sourceTree = "<group>";
		};
		DA36D5841BE4FBBB0035285A /* TeamAppleNews */ = {
			isa = PBXGroup;
			children = (
				DA36D6221BE4FCD40035285A /* TeamAppleNews-Bridging-Header.h */,
				DA36D5851BE4FBBB0035285A /* AppDelegate.swift */,
				DA3F8D2F1BE50F970038277E /* Navigation Menu */,
				DA3F8D981BE7D36F0038277E /* RSSFeed Swift Files */,
				DA3F8D301BE50FB30038277E /* TeamApple News */,
				DA3F8D311BE50FCF0038277E /* TeamApple Talk */,
				DA3F8D321BE50FE70038277E /* TeamApple Toys */,
				DA3F8D331BE510080038277E /* Bookmarks */,
				DA3F8D341BE5101E0038277E /* Events */,
				DA3F8D361BE510490038277E /* Connect */,
				DA3F8D371BE510520038277E /* Settings */,
				DABD2F6F1C3C64580062D901 /* Pull To Refresh */,
				DA36D5891BE4FBBB0035285A /* Main.storyboard */,
				DA3F8D631BE511720038277E /* SWRevealViewController */,
				DA36D58C1BE4FBBB0035285A /* Assets.xcassets */,
				DA36D58E1BE4FBBB0035285A /* LaunchScreen.storyboard */,
				DA36D5911BE4FBBB0035285A /* Info.plist */,
				DA36D6101BE4FC730035285A /* App Icons */,
				DA36D5B31BE4FC0C0035285A /* Supporting Files */,
				DA36D6111BE4FC7A0035285A /* Frameworks */,
				DACD39B91C13CBFA00900FF2 /* Parse Frameworks */,
				DA36D5EF1BE4FC3D0035285A /* Animation Assets */,
			);
			path = TeamAppleNews;
			sourceTree = "<group>";
		};
		DA36D5991BE4FBBB0035285A /* TeamAppleNewsTests */ = {
			isa = PBXGroup;
			children = (
				DA36D59A1BE4FBBB0035285A /* TeamAppleNewsTests.swift */,
				DA36D59C1BE4FBBB0035285A /* Info.plist */,
			);
			path = TeamAppleNewsTests;
			sourceTree = "<group>";
		};
		DA36D5A41BE4FBBB0035285A /* TeamAppleNewsUITests */ = {
			isa = PBXGroup;
			children = (
				DA36D5A51BE4FBBB0035285A /* TeamAppleNewsUITests.swift */,
				DA36D5A71BE4FBBB0035285A /* Info.plist */,
			);
			path = TeamAppleNewsUITests;
			sourceTree = "<group>";
		};
		DA36D5B31BE4FC0C0035285A /* Supporting Files */ = {
			isa = PBXGroup;
			children = (
				DA7252781C7F707E003556E3 /* play.png */,
				DA7252761C7F6F81003556E3 /* pause.png */,
				DAA667211C32D0A700FF2D4B /* Menu Icons */,
				DA41D93B1C389DF6007BE8B3 /* Settings Icons */,
				DA41D9271C389698007BE8B3 /* InSafari50x50.png.PNG */,
				DABD2F741C3C6A5A0062D901 /* black.png */,
				DA41D9561C38A9FB007BE8B3 /* safari.png */,
				DA3DD3481C25B4F8001728BC /* emerald.png */,
				DAFF566B1C20BA9F00838822 /* reddit.PNG */,
				DA1E31CD1C1383DF00499592 /* 01.png */,
				DA1E31C11C13822900499592 /* facebook.PNG */,
				DA1E31C21C13822900499592 /* instagram.PNG */,
				DA1E31C31C13822900499592 /* snapchat.PNG */,
				DA1E31C41C13822900499592 /* tumblr.PNG */,
				DA1E31C51C13822900499592 /* twitter.PNG */,
				DA1E31C61C13822900499592 /* youtube.PNG */,
				DA36D5B41BE4FC1C0035285A /* 2.0_on_trans.png */,
				DA36D5B71BE4FC1C0035285A /* calendar black.PNG */,
				DA36D5BD1BE4FC1C0035285A /* EventsCalendar.png */,
				DA36D5C21BE4FC1C0035285A /* navicon@3x.png */,
				DA36D5C31BE4FC1C0035285A /* news icon.PNG */,
				DA36D5C61BE4FC1C0035285A /* SF-UI-Display-Thin.otf */,
				DA36D5C71BE4FC1C0035285A /* SF-UI-Text-Heavy.otf */,
				DA36D5C81BE4FC1C0035285A /* share black.PNG */,
				98B4DF591C753C1900059323 /* LaunchImage Icon.png */,
			);
			name = "Supporting Files";
			sourceTree = "<group>";
		};
		DA36D5EF1BE4FC3D0035285A /* Animation Assets */ = {
			isa = PBXGroup;
			children = (
			);
			name = "Animation Assets";
			sourceTree = "<group>";
		};
		DA36D6101BE4FC730035285A /* App Icons */ = {
			isa = PBXGroup;
			children = (
				DA36D6121BE4FCB10035285A /* Icon 58x58.png */,
				DA36D6131BE4FCB10035285A /* Icon 60x60.png */,
				DA36D6141BE4FCB10035285A /* Icon 76x76.png */,
				DA36D6151BE4FCB10035285A /* Icon 80x80.png */,
				DA36D6161BE4FCB10035285A /* Icon 87x87.png */,
				DA36D6171BE4FCB10035285A /* Icon 120x120.png */,
				DA36D6181BE4FCB10035285A /* Icon 152x152.png */,
				DA36D6191BE4FCB10035285A /* Icon 180x180.png */,
			);
			name = "App Icons";
			sourceTree = "<group>";
		};
		DA36D6111BE4FC7A0035285A /* Frameworks */ = {
			isa = PBXGroup;
			children = (
				980FD96B1C7D175E00363F1E /* CoreTelephony.framework */,
				980FD9691C7D175200363F1E /* UIKit.framework */,
				980FD9671C7D173C00363F1E /* CoreMotion.framework */,
				980FD9631C7D170000363F1E /* Instabug.bundle */,
				980FD9641C7D170000363F1E /* Instabug.framework */,
				980FD95F1C7D158F00363F1E /* TwitterCore.framework */,
				DAB28FF21C42B5DA0030AB9A /* Fabric.framework */,
				DAB28FF31C42B5DB0030AB9A /* Crashlytics.framework */,
				DAC1621D1C41B8DA0077416D /* MediaPlayer.framework */,
				DAC1621A1C41B8130077416D /* AVFoundation.framework */,
				DACD39D81C13CCDB00900FF2 /* libsqlite3.tbd */,
				DACD39D61C13CCC100900FF2 /* libz.tbd */,
				DACD39D41C13CCB400900FF2 /* SystemConfiguration.framework */,
				DACD39D21C13CCA900900FF2 /* StoreKit.framework */,
				DACD39D01C13CCA300900FF2 /* Security.framework */,
				DACD39CE1C13CC9D00900FF2 /* QuartzCore.framework */,
				DACD39CC1C13CC9600900FF2 /* CoreLocation.framework */,
				DACD39CA1C13CC8F00900FF2 /* CoreGraphics.framework */,
				DACD39C81C13CC8800900FF2 /* CFNetwork.framework */,
				DACD39C61C13CC6E00900FF2 /* AudioToolbox.framework */,
				DA0948A61C0F669500DF1079 /* SafariServices.framework */,
				DA3F8D661BE677EC0038277E /* EventKit.framework */,
				DA3F8D641BE638F40038277E /* iAd.framework */,
			);
			name = Frameworks;
			sourceTree = "<group>";
		};
		DA3F8D2F1BE50F970038277E /* Navigation Menu */ = {
			isa = PBXGroup;
			children = (
				DA3F8D2C1BE506D00038277E /* NavigationMenuTableViewController.h */,
				DA3F8D2D1BE506D00038277E /* NavigationMenuTableViewController.m */,
			);
			name = "Navigation Menu";
			sourceTree = "<group>";
		};
		DA3F8D301BE50FB30038277E /* TeamApple News */ = {
			isa = PBXGroup;
			children = (
				DA3F8D901BE6CF0C0038277E /* ListViewController.swift */,
				DA3F8D8F1BE6CF0C0038277E /* DetailsViewController.swift */,
			);
			name = "TeamApple News";
			sourceTree = "<group>";
		};
		DA3F8D311BE50FCF0038277E /* TeamApple Talk */ = {
			isa = PBXGroup;
			children = (
				98D9EAAC1C7D43C80053CF78 /* TATEmbededViewController.swift */,
				DACD39B71C13CB4100900FF2 /* TATAudioTableViewController.swift */,
			);
			name = "TeamApple Talk";
			sourceTree = "<group>";
		};
		DA3F8D321BE50FE70038277E /* TeamApple Toys */ = {
			isa = PBXGroup;
			children = (
				DA3F8D9D1BE7EA1A0038277E /* ToysTableViewController.swift */,
				DA3F8D9F1BE7EA290038277E /* ToysDetailsViewController.swift */,
			);
			name = "TeamApple Toys";
			sourceTree = "<group>";
		};
		DA3F8D331BE510080038277E /* Bookmarks */ = {
			isa = PBXGroup;
			children = (
				DA3F8D6A1BE688960038277E /* BookmarksTableViewController.swift */,
				DA3F8DA11BE7F4890038277E /* BookmarkDetailsViewController.swift */,
			);
			name = Bookmarks;
			sourceTree = "<group>";
		};
		DA3F8D341BE5101E0038277E /* Events */ = {
			isa = PBXGroup;
			children = (
				DA4877031C1DBA8600DA5263 /* EventViewController.swift */,
			);
			name = Events;
			sourceTree = "<group>";
		};
		DA3F8D361BE510490038277E /* Connect */ = {
			isa = PBXGroup;
			children = (
				DA2681281C1374C500F18685 /* AppConnectViewController.h */,
				DA2681291C1374C500F18685 /* AppConnectViewController.m */,
				DAA6673A1C343E2500FF2D4B /* InstagramViewController.swift */,
				DAA667381C343E0200FF2D4B /* InstagramTableViewCell.swift */,
				DA3F8D4A1BE510E20038277E /* SnapchatViewController.h */,
				DA3F8D4B1BE510E20038277E /* SnapchatViewController.m */,
			);
			name = Connect;
			sourceTree = "<group>";
		};
		DA3F8D371BE510520038277E /* Settings */ = {
			isa = PBXGroup;
			children = (
				DA5939781C28A45D00B40358 /* SettingsTableViewController.swift */,
				DA5AA53C1C236CB3009D2661 /* InAppPurchase.swift */,
				DA59397A1C28FC8900B40358 /* AppDevelopmentTeamViewController.swift */,
				DA1CFF6F1C10AE5C00AA46DF /* MoreApps Images */,
			);
			name = Settings;
			sourceTree = "<group>";
		};
		DA3F8D631BE511720038277E /* SWRevealViewController */ = {
			isa = PBXGroup;
			children = (
				DA36D6261BE4FE100035285A /* SWRevealViewController.h */,
				DA36D6271BE4FE100035285A /* SWRevealViewController.m */,
			);
			name = SWRevealViewController;
			sourceTree = "<group>";
		};
		DA3F8D981BE7D36F0038277E /* RSSFeed Swift Files */ = {
			isa = PBXGroup;
			children = (
				DA3F8D8E1BE6CF0C0038277E /* Common.swift */,
				DA3F8D911BE6CF0C0038277E /* RssRecord.swift */,
			);
			name = "RSSFeed Swift Files";
			sourceTree = "<group>";
		};
		DA41D93B1C389DF6007BE8B3 /* Settings Icons */ = {
			isa = PBXGroup;
			children = (
				DA41D9481C38A6D0007BE8B3 /* not.PNG */,
				DA41D9491C38A6D0007BE8B3 /* rate.PNG */,
				DA41D94A1C38A6D0007BE8B3 /* remove.PNG */,
				DA41D94B1C38A6D0007BE8B3 /* restore.PNG */,
				DA41D94D1C38A6D0007BE8B3 /* team.PNG */,
				DA41D9541C38A81F007BE8B3 /* more.PNG */,
				DA41D95A1C39DC9B007BE8B3 /* faceo.png */,
			);
			name = "Settings Icons";
			sourceTree = "<group>";
		};
		DAA667211C32D0A700FF2D4B /* Menu Icons */ = {
			isa = PBXGroup;
			children = (
				DABD2F5D1C3C5B000062D901 /* bookmarks.PNG */,
				DABD2F5E1C3C5B000062D901 /* connect.PNG */,
				DABD2F5F1C3C5B000062D901 /* events.PNG */,
				DABD2F601C3C5B000062D901 /* galley.PNG */,
				DABD2F611C3C5B000062D901 /* settings.PNG */,
				DABD2F621C3C5B000062D901 /* tan.PNG */,
				DABD2F631C3C5B000062D901 /* tat.PNG */,
				DABD2F641C3C5B000062D901 /* toys.PNG */,
				DABD2F651C3C5B000062D901 /* web.PNG */,
			);
			name = "Menu Icons";
			sourceTree = "<group>";
		};
		DABD2F6F1C3C64580062D901 /* Pull To Refresh */ = {
			isa = PBXGroup;
			children = (
				DABD2F711C3C64C80062D901 /* PullToRefreshViewController.xib */,
			);
			name = "Pull To Refresh";
			sourceTree = "<group>";
		};
		DACD39B91C13CBFA00900FF2 /* Parse Frameworks */ = {
			isa = PBXGroup;
			children = (
				DACD39BA1C13CC1300900FF2 /* Bolts.framework */,
				DACD39BB1C13CC1300900FF2 /* ParseFacebookUtilsV4.framework */,
				DACD39BC1C13CC1300900FF2 /* ParseTwitterUtils.framework */,
				DACD39BD1C13CC1300900FF2 /* ParseUI.framework */,
				DACD39BE1C13CC1300900FF2 /* ParseFacebookUtils.framework */,
				DACD39BF1C13CC1300900FF2 /* Parse.framework */,
			);
			name = "Parse Frameworks";
			sourceTree = "<group>";
		};
/* End PBXGroup section */

/* Begin PBXNativeTarget section */
		DA36D5811BE4FBBB0035285A /* TA News */ = {
			isa = PBXNativeTarget;
			buildConfigurationList = DA36D5AA1BE4FBBB0035285A /* Build configuration list for PBXNativeTarget "TA News" */;
			buildPhases = (
				5502040CF970D1D0B0325A5F /* Check Pods Manifest.lock */,
				DA36D57E1BE4FBBB0035285A /* Sources */,
				DA36D57F1BE4FBBB0035285A /* Frameworks */,
				DA36D5801BE4FBBB0035285A /* Resources */,
				DAB28FF11C42B5890030AB9A /* ShellScript */,
				980FD96D1C7D1A8200363F1E /* ShellScript */,
				E42BBB998FBBDFF1BCF7ADD2 /* Embed Pods Frameworks */,
				03F2639505D5071D387FF154 /* Copy Pods Resources */,
			);
			buildRules = (
			);
			dependencies = (
			);
			name = "TA News";
			productName = TeamAppleNews;
			productReference = DA36D5821BE4FBBB0035285A /* TA News.app */;
			productType = "com.apple.product-type.application";
		};
		DA36D5951BE4FBBB0035285A /* TA NewsTests */ = {
			isa = PBXNativeTarget;
			buildConfigurationList = DA36D5AD1BE4FBBB0035285A /* Build configuration list for PBXNativeTarget "TA NewsTests" */;
			buildPhases = (
				DA36D5921BE4FBBB0035285A /* Sources */,
				DA36D5931BE4FBBB0035285A /* Frameworks */,
				DA36D5941BE4FBBB0035285A /* Resources */,
			);
			buildRules = (
			);
			dependencies = (
				DA36D5981BE4FBBB0035285A /* PBXTargetDependency */,
			);
			name = "TA NewsTests";
			productName = TeamAppleNewsTests;
			productReference = DA36D5961BE4FBBB0035285A /* TA News.app */;
			productType = "com.apple.product-type.bundle.unit-test";
		};
		DA36D5A01BE4FBBB0035285A /* TA NewsUITests */ = {
			isa = PBXNativeTarget;
			buildConfigurationList = DA36D5B01BE4FBBB0035285A /* Build configuration list for PBXNativeTarget "TA NewsUITests" */;
			buildPhases = (
				DA36D59D1BE4FBBB0035285A /* Sources */,
				DA36D59E1BE4FBBB0035285A /* Frameworks */,
				DA36D59F1BE4FBBB0035285A /* Resources */,
			);
			buildRules = (
			);
			dependencies = (
				DA36D5A31BE4FBBB0035285A /* PBXTargetDependency */,
			);
			name = "TA NewsUITests";
			productName = TeamAppleNewsUITests;
			productReference = DA36D5A11BE4FBBB0035285A /* TA News.app */;
			productType = "com.apple.product-type.bundle.ui-testing";
		};
/* End PBXNativeTarget section */

/* Begin PBXProject section */
		DA36D57A1BE4FBBB0035285A /* Project object */ = {
			isa = PBXProject;
			attributes = {
				LastSwiftUpdateCheck = 0710;
				LastUpgradeCheck = 0710;
				ORGANIZATIONNAME = FutureAppleCEO;
				TargetAttributes = {
					DA36D5811BE4FBBB0035285A = {
						CreatedOnToolsVersion = 7.1;
						DevelopmentTeam = VVWF3C7RAU;
						SystemCapabilities = {
							com.apple.BackgroundModes = {
								enabled = 1;
							};
						};
					};
					DA36D5951BE4FBBB0035285A = {
						CreatedOnToolsVersion = 7.1;
						TestTargetID = DA36D5811BE4FBBB0035285A;
					};
					DA36D5A01BE4FBBB0035285A = {
						CreatedOnToolsVersion = 7.1;
						TestTargetID = DA36D5811BE4FBBB0035285A;
					};
				};
			};
			buildConfigurationList = DA36D57D1BE4FBBB0035285A /* Build configuration list for PBXProject "TA News" */;
			compatibilityVersion = "Xcode 3.2";
			developmentRegion = English;
			hasScannedForEncodings = 0;
			knownRegions = (
				en,
				Base,
			);
			mainGroup = DA36D5791BE4FBBB0035285A;
			productRefGroup = DA36D5831BE4FBBB0035285A /* Products */;
			projectDirPath = "";
			projectRoot = "";
			targets = (
				DA36D5811BE4FBBB0035285A /* TA News */,
				DA36D5951BE4FBBB0035285A /* TA NewsTests */,
				DA36D5A01BE4FBBB0035285A /* TA NewsUITests */,
			);
		};
/* End PBXProject section */

/* Begin PBXResourcesBuildPhase section */
		DA36D5801BE4FBBB0035285A /* Resources */ = {
			isa = PBXResourcesBuildPhase;
			buildActionMask = 2147483647;
			files = (
				DA41D94E1C38A6D0007BE8B3 /* not.PNG in Resources */,
				DA1E31CB1C13822900499592 /* twitter.PNG in Resources */,
				DA36D61E1BE4FCB10035285A /* Icon 87x87.png in Resources */,
				DA41D9571C38A9FB007BE8B3 /* safari.png in Resources */,
				DA36D61D1BE4FCB10035285A /* Icon 80x80.png in Resources */,
				DA1CFF731C10AED900AA46DF /* Screen Shot 2014-02-25 at 18.48.14.png in Resources */,
				DA36D5D41BE4FC1C0035285A /* calendar black.PNG in Resources */,
				DA1E31CE1C1383DF00499592 /* 01.png in Resources */,
				DA41D94F1C38A6D0007BE8B3 /* rate.PNG in Resources */,
				DABD2F751C3C6A5A0062D901 /* black.png in Resources */,
				DA1CFF751C10B1E300AA46DF /* pongIcon3.png in Resources */,
				DA36D6211BE4FCB10035285A /* Icon 180x180.png in Resources */,
				DA41D9281C389698007BE8B3 /* InSafari50x50.png.PNG in Resources */,
				DA36D61C1BE4FCB10035285A /* Icon 76x76.png in Resources */,
				DABD2F6C1C3C5B000062D901 /* tat.PNG in Resources */,
				DA41D9501C38A6D0007BE8B3 /* remove.PNG in Resources */,
				DABD2F681C3C5B000062D901 /* events.PNG in Resources */,
				DA1E31CA1C13822900499592 /* tumblr.PNG in Resources */,
				DA1E31C91C13822900499592 /* snapchat.PNG in Resources */,
				DA36D5DF1BE4FC1C0035285A /* navicon@3x.png in Resources */,
				980FD9651C7D170000363F1E /* Instabug.bundle in Resources */,
				DABD2F661C3C5B000062D901 /* bookmarks.PNG in Resources */,
				DA36D61A1BE4FCB10035285A /* Icon 58x58.png in Resources */,
				DABD2F6A1C3C5B000062D901 /* settings.PNG in Resources */,
				DA36D5DA1BE4FC1C0035285A /* EventsCalendar.png in Resources */,
				DA36D5901BE4FBBB0035285A /* LaunchScreen.storyboard in Resources */,
				DABD2F731C3C64C90062D901 /* PullToRefreshViewController.xib in Resources */,
				DABD2F6E1C3C5B000062D901 /* web.PNG in Resources */,
				DA36D58D1BE4FBBB0035285A /* Assets.xcassets in Resources */,
				DA7252791C7F707E003556E3 /* play.png in Resources */,
				DAFF566C1C20BA9F00838822 /* reddit.PNG in Resources */,
				DA36D61B1BE4FCB10035285A /* Icon 60x60.png in Resources */,
				DABD2F671C3C5B000062D901 /* connect.PNG in Resources */,
				98B4DF5A1C753C1900059323 /* LaunchImage Icon.png in Resources */,
				DABD2F6B1C3C5B000062D901 /* tan.PNG in Resources */,
				DABD2F6D1C3C5B000062D901 /* toys.PNG in Resources */,
				DA36D5E41BE4FC1C0035285A /* SF-UI-Text-Heavy.otf in Resources */,
				DA1E31C71C13822900499592 /* facebook.PNG in Resources */,
				DA41D9511C38A6D0007BE8B3 /* restore.PNG in Resources */,
				DA36D5D11BE4FC1C0035285A /* 2.0_on_trans.png in Resources */,
				DA36D61F1BE4FCB10035285A /* Icon 120x120.png in Resources */,
				DA36D5E51BE4FC1C0035285A /* share black.PNG in Resources */,
				DA3DD3491C25B4F8001728BC /* emerald.png in Resources */,
				DA36D58B1BE4FBBB0035285A /* Main.storyboard in Resources */,
				DA7252771C7F6F81003556E3 /* pause.png in Resources */,
				DA41D9551C38A81F007BE8B3 /* more.PNG in Resources */,
				DA36D5E01BE4FC1C0035285A /* news icon.PNG in Resources */,
				DA1E31C81C13822900499592 /* instagram.PNG in Resources */,
				DA41D95B1C39DC9B007BE8B3 /* faceo.png in Resources */,
				DABD2F691C3C5B000062D901 /* galley.PNG in Resources */,
				DA1E31CC1C13822900499592 /* youtube.PNG in Resources */,
				DA36D5E31BE4FC1C0035285A /* SF-UI-Display-Thin.otf in Resources */,
				DA41D9531C38A6D0007BE8B3 /* team.PNG in Resources */,
				DA36D6201BE4FCB10035285A /* Icon 152x152.png in Resources */,
			);
			runOnlyForDeploymentPostprocessing = 0;
		};
		DA36D5941BE4FBBB0035285A /* Resources */ = {
			isa = PBXResourcesBuildPhase;
			buildActionMask = 2147483647;
			files = (
			);
			runOnlyForDeploymentPostprocessing = 0;
		};
		DA36D59F1BE4FBBB0035285A /* Resources */ = {
			isa = PBXResourcesBuildPhase;
			buildActionMask = 2147483647;
			files = (
			);
			runOnlyForDeploymentPostprocessing = 0;
		};
/* End PBXResourcesBuildPhase section */

/* Begin PBXShellScriptBuildPhase section */
		03F2639505D5071D387FF154 /* Copy Pods Resources */ = {
			isa = PBXShellScriptBuildPhase;
			buildActionMask = 2147483647;
			files = (
			);
			inputPaths = (
			);
			name = "Copy Pods Resources";
			outputPaths = (
			);
			runOnlyForDeploymentPostprocessing = 0;
			shellPath = /bin/sh;
			shellScript = "\"${SRCROOT}/Pods/Target Support Files/Pods-TA News/Pods-TA News-resources.sh\"\n";
			showEnvVarsInLog = 0;
		};
		5502040CF970D1D0B0325A5F /* Check Pods Manifest.lock */ = {
			isa = PBXShellScriptBuildPhase;
			buildActionMask = 2147483647;
			files = (
			);
			inputPaths = (
			);
			name = "Check Pods Manifest.lock";
			outputPaths = (
			);
			runOnlyForDeploymentPostprocessing = 0;
			shellPath = /bin/sh;
			shellScript = "diff \"${PODS_ROOT}/../Podfile.lock\" \"${PODS_ROOT}/Manifest.lock\" > /dev/null\nif [[ $? != 0 ]] ; then\n    cat << EOM\nerror: The sandbox is not in sync with the Podfile.lock. Run 'pod install' or update your CocoaPods installation.\nEOM\n    exit 1\nfi\n";
			showEnvVarsInLog = 0;
		};
		980FD96D1C7D1A8200363F1E /* ShellScript */ = {
			isa = PBXShellScriptBuildPhase;
			buildActionMask = 2147483647;
			files = (
			);
			inputPaths = (
			);
			outputPaths = (
			);
			runOnlyForDeploymentPostprocessing = 0;
			shellPath = /bin/sh;
			shellScript = "#--- SCRIPT BEGIN ---\n# SKIP_SIMULATOR_BUILDS=1\nSCRIPT_SRC=$(find \"$PROJECT_DIR\" -name 'Instabug_dsym_upload.sh' | head -1)\nif [ ! \"${SCRIPT_SRC}\" ]; then\necho \"Instabug: err: script not found. Make sure that you're including Instabug.bundle in your project directory\"\nexit 1\nfi\nAPP_TOKEN=\"affae67b70d67a9976da331bf9d04d7f\"\nsource \"${SCRIPT_SRC}\"\n#--- SCRIPT END ---\n";
		};
		DAB28FF11C42B5890030AB9A /* ShellScript */ = {
			isa = PBXShellScriptBuildPhase;
			buildActionMask = 2147483647;
			files = (
			);
			inputPaths = (
			);
			outputPaths = (
			);
			runOnlyForDeploymentPostprocessing = 0;
			shellPath = /bin/sh;
			shellScript = "./Fabric.framework/run 371014dff6c6aa9b02953aae33069552168c6ee9 ee5b1538de2ae6b22120720a71c0f6506cd0747d84d04ae490baf7617eec87db\n";
		};
		E42BBB998FBBDFF1BCF7ADD2 /* Embed Pods Frameworks */ = {
			isa = PBXShellScriptBuildPhase;
			buildActionMask = 2147483647;
			files = (
			);
			inputPaths = (
			);
			name = "Embed Pods Frameworks";
			outputPaths = (
			);
			runOnlyForDeploymentPostprocessing = 0;
			shellPath = /bin/sh;
			shellScript = "\"${SRCROOT}/Pods/Target Support Files/Pods-TA News/Pods-TA News-frameworks.sh\"\n";
			showEnvVarsInLog = 0;
		};
/* End PBXShellScriptBuildPhase section */

/* Begin PBXSourcesBuildPhase section */
		DA36D57E1BE4FBBB0035285A /* Sources */ = {
			isa = PBXSourcesBuildPhase;
			buildActionMask = 2147483647;
			files = (
				DA4877041C1DBA8600DA5263 /* EventViewController.swift in Sources */,
				DA3F8D5C1BE510E20038277E /* SnapchatViewController.m in Sources */,
				DA3F8D951BE6CF0C0038277E /* RssRecord.swift in Sources */,
				DA5AA53D1C236CB3009D2661 /* InAppPurchase.swift in Sources */,
				DA3F8D921BE6CF0C0038277E /* Common.swift in Sources */,
				DAA667391C343E0200FF2D4B /* InstagramTableViewCell.swift in Sources */,
				DA3F8DA21BE7F4890038277E /* BookmarkDetailsViewController.swift in Sources */,
				DA36D5861BE4FBBB0035285A /* AppDelegate.swift in Sources */,
				DA59397B1C28FC8900B40358 /* AppDevelopmentTeamViewController.swift in Sources */,
				DA36D6281BE4FE100035285A /* SWRevealViewController.m in Sources */,
				DA3F8D6B1BE688960038277E /* BookmarksTableViewController.swift in Sources */,
				DA26812A1C1374C500F18685 /* AppConnectViewController.m in Sources */,
				DA5939791C28A45D00B40358 /* SettingsTableViewController.swift in Sources */,
				DA3F8D2E1BE506D00038277E /* NavigationMenuTableViewController.m in Sources */,
				DA3F8D931BE6CF0C0038277E /* DetailsViewController.swift in Sources */,
				DA3F8D941BE6CF0C0038277E /* ListViewController.swift in Sources */,
				98D9EAAD1C7D43C80053CF78 /* TATEmbededViewController.swift in Sources */,
				DACD39B81C13CB4200900FF2 /* TATAudioTableViewController.swift in Sources */,
				DAA6673B1C343E2500FF2D4B /* InstagramViewController.swift in Sources */,
				DA3F8D9E1BE7EA1A0038277E /* ToysTableViewController.swift in Sources */,
				DA3F8DA01BE7EA290038277E /* ToysDetailsViewController.swift in Sources */,
			);
			runOnlyForDeploymentPostprocessing = 0;
		};
		DA36D5921BE4FBBB0035285A /* Sources */ = {
			isa = PBXSourcesBuildPhase;
			buildActionMask = 2147483647;
			files = (
				DA36D59B1BE4FBBB0035285A /* TeamAppleNewsTests.swift in Sources */,
			);
			runOnlyForDeploymentPostprocessing = 0;
		};
		DA36D59D1BE4FBBB0035285A /* Sources */ = {
			isa = PBXSourcesBuildPhase;
			buildActionMask = 2147483647;
			files = (
				DA36D5A61BE4FBBB0035285A /* TeamAppleNewsUITests.swift in Sources */,
			);
			runOnlyForDeploymentPostprocessing = 0;
		};
/* End PBXSourcesBuildPhase section */

/* Begin PBXTargetDependency section */
		DA36D5981BE4FBBB0035285A /* PBXTargetDependency */ = {
			isa = PBXTargetDependency;
			target = DA36D5811BE4FBBB0035285A /* TA News */;
			targetProxy = DA36D5971BE4FBBB0035285A /* PBXContainerItemProxy */;
		};
		DA36D5A31BE4FBBB0035285A /* PBXTargetDependency */ = {
			isa = PBXTargetDependency;
			target = DA36D5811BE4FBBB0035285A /* TA News */;
			targetProxy = DA36D5A21BE4FBBB0035285A /* PBXContainerItemProxy */;
		};
/* End PBXTargetDependency section */

/* Begin PBXVariantGroup section */
		DA36D5891BE4FBBB0035285A /* Main.storyboard */ = {
			isa = PBXVariantGroup;
			children = (
				DA36D58A1BE4FBBB0035285A /* Base */,
			);
			name = Main.storyboard;
			sourceTree = "<group>";
		};
		DA36D58E1BE4FBBB0035285A /* LaunchScreen.storyboard */ = {
			isa = PBXVariantGroup;
			children = (
				DA36D58F1BE4FBBB0035285A /* Base */,
			);
			name = LaunchScreen.storyboard;
			sourceTree = "<group>";
		};
/* End PBXVariantGroup section */

/* Begin XCBuildConfiguration section */
		DA36D5A81BE4FBBB0035285A /* Debug */ = {
			isa = XCBuildConfiguration;
			buildSettings = {
				ALWAYS_SEARCH_USER_PATHS = NO;
				CLANG_CXX_LANGUAGE_STANDARD = "gnu++0x";
				CLANG_CXX_LIBRARY = "libc++";
				CLANG_ENABLE_MODULES = YES;
				CLANG_ENABLE_OBJC_ARC = YES;
				CLANG_WARN_BOOL_CONVERSION = YES;
				CLANG_WARN_CONSTANT_CONVERSION = YES;
				CLANG_WARN_DIRECT_OBJC_ISA_USAGE = YES_ERROR;
				CLANG_WARN_EMPTY_BODY = YES;
				CLANG_WARN_ENUM_CONVERSION = YES;
				CLANG_WARN_INT_CONVERSION = YES;
				CLANG_WARN_OBJC_ROOT_CLASS = YES_ERROR;
				CLANG_WARN_UNREACHABLE_CODE = YES;
				CLANG_WARN__DUPLICATE_METHOD_MATCH = YES;
				"CODE_SIGN_IDENTITY[sdk=iphoneos*]" = "iPhone Developer";
				COPY_PHASE_STRIP = NO;
				DEBUG_INFORMATION_FORMAT = dwarf;
				ENABLE_STRICT_OBJC_MSGSEND = YES;
				ENABLE_TESTABILITY = YES;
				GCC_C_LANGUAGE_STANDARD = gnu99;
				GCC_DYNAMIC_NO_PIC = NO;
				GCC_NO_COMMON_BLOCKS = YES;
				GCC_OPTIMIZATION_LEVEL = 0;
				GCC_PREPROCESSOR_DEFINITIONS = (
					"DEBUG=1",
					"$(inherited)",
				);
				GCC_WARN_64_TO_32_BIT_CONVERSION = YES;
				GCC_WARN_ABOUT_RETURN_TYPE = YES_ERROR;
				GCC_WARN_UNDECLARED_SELECTOR = YES;
				GCC_WARN_UNINITIALIZED_AUTOS = YES_AGGRESSIVE;
				GCC_WARN_UNUSED_FUNCTION = YES;
				GCC_WARN_UNUSED_VARIABLE = YES;
				IPHONEOS_DEPLOYMENT_TARGET = 9.2;
				MTL_ENABLE_DEBUG_INFO = YES;
				ONLY_ACTIVE_ARCH = YES;
				SDKROOT = iphoneos;
				SWIFT_OPTIMIZATION_LEVEL = "-Onone";
				WRAPPER_EXTENSION = app;
			};
			name = Debug;
		};
		DA36D5A91BE4FBBB0035285A /* Release */ = {
			isa = XCBuildConfiguration;
			buildSettings = {
				ALWAYS_SEARCH_USER_PATHS = NO;
				CLANG_CXX_LANGUAGE_STANDARD = "gnu++0x";
				CLANG_CXX_LIBRARY = "libc++";
				CLANG_ENABLE_MODULES = YES;
				CLANG_ENABLE_OBJC_ARC = YES;
				CLANG_WARN_BOOL_CONVERSION = YES;
				CLANG_WARN_CONSTANT_CONVERSION = YES;
				CLANG_WARN_DIRECT_OBJC_ISA_USAGE = YES_ERROR;
				CLANG_WARN_EMPTY_BODY = YES;
				CLANG_WARN_ENUM_CONVERSION = YES;
				CLANG_WARN_INT_CONVERSION = YES;
				CLANG_WARN_OBJC_ROOT_CLASS = YES_ERROR;
				CLANG_WARN_UNREACHABLE_CODE = YES;
				CLANG_WARN__DUPLICATE_METHOD_MATCH = YES;
				"CODE_SIGN_IDENTITY[sdk=iphoneos*]" = "iPhone Developer";
				COPY_PHASE_STRIP = NO;
				DEBUG_INFORMATION_FORMAT = "dwarf-with-dsym";
				ENABLE_NS_ASSERTIONS = NO;
				ENABLE_STRICT_OBJC_MSGSEND = YES;
				GCC_C_LANGUAGE_STANDARD = gnu99;
				GCC_NO_COMMON_BLOCKS = YES;
				GCC_WARN_64_TO_32_BIT_CONVERSION = YES;
				GCC_WARN_ABOUT_RETURN_TYPE = YES_ERROR;
				GCC_WARN_UNDECLARED_SELECTOR = YES;
				GCC_WARN_UNINITIALIZED_AUTOS = YES_AGGRESSIVE;
				GCC_WARN_UNUSED_FUNCTION = YES;
				GCC_WARN_UNUSED_VARIABLE = YES;
				IPHONEOS_DEPLOYMENT_TARGET = 9.2;
				MTL_ENABLE_DEBUG_INFO = NO;
				SDKROOT = iphoneos;
				VALIDATE_PRODUCT = YES;
				WRAPPER_EXTENSION = app;
			};
			name = Release;
		};
		DA36D5AB1BE4FBBB0035285A /* Debug */ = {
			isa = XCBuildConfiguration;
			baseConfigurationReference = DE865AB5E3E9C62D74032DA3 /* Pods-TA News.debug.xcconfig */;
			buildSettings = {
				ASSETCATALOG_COMPILER_APPICON_NAME = AppIcon;
				CLANG_ENABLE_MODULES = YES;
				CODE_SIGN_IDENTITY = "iPhone Developer";
				COMPRESS_PNG_FILES = NO;
				DEBUG_INFORMATION_FORMAT = "dwarf-with-dsym";
				FRAMEWORK_SEARCH_PATHS = (
					"$(inherited)",
					"$(PROJECT_DIR)/TeamAppleNews",
					"$(PROJECT_DIR)",
					"$(PROJECT_DIR)/build/Debug-iphoneos",
				);
				GCC_PRECOMPILE_PREFIX_HEADER = NO;
				INFOPLIST_FILE = TeamAppleNews/Info.plist;
				IPHONEOS_DEPLOYMENT_TARGET = 9.1;
				LD_RUNPATH_SEARCH_PATHS = "$(inherited) @executable_path/Frameworks";
				PRODUCT_BUNDLE_IDENTIFIER = com.FACEO.TeamAppleNews;
				PRODUCT_NAME = "TA News";
				STRIP_PNG_TEXT = NO;
				SWIFT_OBJC_BRIDGING_HEADER = "TeamAppleNews-Bridging-Header.h";
				SWIFT_OPTIMIZATION_LEVEL = "-Onone";
				TARGETED_DEVICE_FAMILY = 1;
			};
			name = Debug;
		};
		DA36D5AC1BE4FBBB0035285A /* Release */ = {
			isa = XCBuildConfiguration;
			baseConfigurationReference = DF2884E188F3C18FA41AE918 /* Pods-TA News.release.xcconfig */;
			buildSettings = {
				ASSETCATALOG_COMPILER_APPICON_NAME = AppIcon;
				CLANG_ENABLE_MODULES = YES;
				CODE_SIGN_IDENTITY = "iPhone Developer";
				COMPRESS_PNG_FILES = NO;
				FRAMEWORK_SEARCH_PATHS = (
					"$(inherited)",
					"$(PROJECT_DIR)/TeamAppleNews",
					"$(PROJECT_DIR)",
					"$(PROJECT_DIR)/build/Debug-iphoneos",
				);
				GCC_PRECOMPILE_PREFIX_HEADER = NO;
				INFOPLIST_FILE = TeamAppleNews/Info.plist;
				IPHONEOS_DEPLOYMENT_TARGET = 9.1;
				LD_RUNPATH_SEARCH_PATHS = "$(inherited) @executable_path/Frameworks";
				PRODUCT_BUNDLE_IDENTIFIER = com.FACEO.TeamAppleNews;
				PRODUCT_NAME = "TA News";
				STRIP_PNG_TEXT = NO;
				SWIFT_OBJC_BRIDGING_HEADER = "TeamAppleNews-Bridging-Header.h";
				TARGETED_DEVICE_FAMILY = 1;
			};
			name = Release;
		};
		DA36D5AE1BE4FBBB0035285A /* Debug */ = {
			isa = XCBuildConfiguration;
			buildSettings = {
				BUNDLE_LOADER = "$(TEST_HOST)";
				INFOPLIST_FILE = TeamAppleNewsTests/Info.plist;
				LD_RUNPATH_SEARCH_PATHS = "$(inherited) @executable_path/Frameworks @loader_path/Frameworks";
				PRODUCT_BUNDLE_IDENTIFIER = com.FACEO.TeamAppleNewsTests;
				PRODUCT_NAME = "TA News";
				TEST_HOST = "$(BUILT_PRODUCTS_DIR)/TA News.app/TA News";
			};
			name = Debug;
		};
		DA36D5AF1BE4FBBB0035285A /* Release */ = {
			isa = XCBuildConfiguration;
			buildSettings = {
				BUNDLE_LOADER = "$(TEST_HOST)";
				INFOPLIST_FILE = TeamAppleNewsTests/Info.plist;
				LD_RUNPATH_SEARCH_PATHS = "$(inherited) @executable_path/Frameworks @loader_path/Frameworks";
				PRODUCT_BUNDLE_IDENTIFIER = com.FACEO.TeamAppleNewsTests;
				PRODUCT_NAME = "TA News";
				TEST_HOST = "$(BUILT_PRODUCTS_DIR)/TA News.app/TA News";
			};
			name = Release;
		};
		DA36D5B11BE4FBBB0035285A /* Debug */ = {
			isa = XCBuildConfiguration;
			buildSettings = {
				INFOPLIST_FILE = TeamAppleNewsUITests/Info.plist;
				LD_RUNPATH_SEARCH_PATHS = "$(inherited) @executable_path/Frameworks @loader_path/Frameworks";
				PRODUCT_BUNDLE_IDENTIFIER = com.FACEO.TeamAppleNewsUITests;
				PRODUCT_NAME = "TA News";
				TEST_TARGET_NAME = TeamAppleNews;
				USES_XCTRUNNER = YES;
			};
			name = Debug;
		};
		DA36D5B21BE4FBBB0035285A /* Release */ = {
			isa = XCBuildConfiguration;
			buildSettings = {
				INFOPLIST_FILE = TeamAppleNewsUITests/Info.plist;
				LD_RUNPATH_SEARCH_PATHS = "$(inherited) @executable_path/Frameworks @loader_path/Frameworks";
				PRODUCT_BUNDLE_IDENTIFIER = com.FACEO.TeamAppleNewsUITests;
				PRODUCT_NAME = "TA News";
				TEST_TARGET_NAME = TeamAppleNews;
				USES_XCTRUNNER = YES;
			};
			name = Release;
		};
/* End XCBuildConfiguration section */

/* Begin XCConfigurationList section */
		DA36D57D1BE4FBBB0035285A /* Build configuration list for PBXProject "TA News" */ = {
			isa = XCConfigurationList;
			buildConfigurations = (
				DA36D5A81BE4FBBB0035285A /* Debug */,
				DA36D5A91BE4FBBB0035285A /* Release */,
			);
			defaultConfigurationIsVisible = 0;
			defaultConfigurationName = Release;
		};
		DA36D5AA1BE4FBBB0035285A /* Build configuration list for PBXNativeTarget "TA News" */ = {
			isa = XCConfigurationList;
			buildConfigurations = (
				DA36D5AB1BE4FBBB0035285A /* Debug */,
				DA36D5AC1BE4FBBB0035285A /* Release */,
			);
			defaultConfigurationIsVisible = 0;
			defaultConfigurationName = Release;
		};
		DA36D5AD1BE4FBBB0035285A /* Build configuration list for PBXNativeTarget "TA NewsTests" */ = {
			isa = XCConfigurationList;
			buildConfigurations = (
				DA36D5AE1BE4FBBB0035285A /* Debug */,
				DA36D5AF1BE4FBBB0035285A /* Release */,
			);
			defaultConfigurationIsVisible = 0;
			defaultConfigurationName = Release;
		};
		DA36D5B01BE4FBBB0035285A /* Build configuration list for PBXNativeTarget "TA NewsUITests" */ = {
			isa = XCConfigurationList;
			buildConfigurations = (
				DA36D5B11BE4FBBB0035285A /* Debug */,
				DA36D5B21BE4FBBB0035285A /* Release */,
			);
			defaultConfigurationIsVisible = 0;
			defaultConfigurationName = Release;
		};
/* End XCConfigurationList section */
	};
	rootObject = DA36D57A1BE4FBBB0035285A /* Project object */;
}
